// !$*UTF8*$!
{
	archiveVersion = 1;
	classes = {
	};
	objectVersion = 51;
	objects = {

/* Begin PBXBuildFile section */
		2D9317805FD4ED4BA1FD2E8D /* Pods_Music.framework in Frameworks */ = {isa = PBXBuildFile; fileRef = E10F06115A4F99EFA72CC2C3 /* Pods_Music.framework */; };
		409331225E7C871FEF1E3332 /* Pods_MusicUITests.framework in Frameworks */ = {isa = PBXBuildFile; fileRef = 90677299D792147995FF13CD /* Pods_MusicUITests.framework */; };
		4B309972B9E9F7C7D0CBBC84 /* Pods_MusicTests.framework in Frameworks */ = {isa = PBXBuildFile; fileRef = 13ED4BF199CC8B5724ACC97E /* Pods_MusicTests.framework */; };
		AC4F7289235CED9700CF4B1F /* AppDelegate.swift in Sources */ = {isa = PBXBuildFile; fileRef = AC4F7288235CED9700CF4B1F /* AppDelegate.swift */; };
		AC4F728B235CED9700CF4B1F /* SceneDelegate.swift in Sources */ = {isa = PBXBuildFile; fileRef = AC4F728A235CED9700CF4B1F /* SceneDelegate.swift */; };
		AC4F728D235CED9700CF4B1F /* ViewController.swift in Sources */ = {isa = PBXBuildFile; fileRef = AC4F728C235CED9700CF4B1F /* ViewController.swift */; };
		AC4F7290235CED9700CF4B1F /* Main.storyboard in Resources */ = {isa = PBXBuildFile; fileRef = AC4F728E235CED9700CF4B1F /* Main.storyboard */; };
		AC4F7293235CED9700CF4B1F /* Music.xcdatamodeld in Sources */ = {isa = PBXBuildFile; fileRef = AC4F7291235CED9700CF4B1F /* Music.xcdatamodeld */; };
		AC4F7295235CED9900CF4B1F /* Assets.xcassets in Resources */ = {isa = PBXBuildFile; fileRef = AC4F7294235CED9900CF4B1F /* Assets.xcassets */; };
		AC4F7298235CED9900CF4B1F /* LaunchScreen.storyboard in Resources */ = {isa = PBXBuildFile; fileRef = AC4F7296235CED9900CF4B1F /* LaunchScreen.storyboard */; };
		AC4F72A3235CED9900CF4B1F /* MusicTests.swift in Sources */ = {isa = PBXBuildFile; fileRef = AC4F72A2235CED9900CF4B1F /* MusicTests.swift */; };
		AC4F72AE235CED9900CF4B1F /* MusicUITests.swift in Sources */ = {isa = PBXBuildFile; fileRef = AC4F72AD235CED9900CF4B1F /* MusicUITests.swift */; };
		AC4F72BE235CF11900CF4B1F /* MainTabBarController.swift in Sources */ = {isa = PBXBuildFile; fileRef = AC4F72BD235CF11900CF4B1F /* MainTabBarController.swift */; };
		AC4F72C0235CF48400CF4B1F /* MusicViewController.swift in Sources */ = {isa = PBXBuildFile; fileRef = AC4F72BF235CF48400CF4B1F /* MusicViewController.swift */; };
		AC4F72C2235E4F4000CF4B1F /* TrackModel.swift in Sources */ = {isa = PBXBuildFile; fileRef = AC4F72C1235E4F4000CF4B1F /* TrackModel.swift */; };
		ACC0A853236636E200E59D65 /* FooterView.swift in Sources */ = {isa = PBXBuildFile; fileRef = ACC0A852236636E200E59D65 /* FooterView.swift */; };
		ACC0A85623678B9B00E59D65 /* TrackDetailView.xib in Resources */ = {isa = PBXBuildFile; fileRef = ACC0A85523678B9B00E59D65 /* TrackDetailView.xib */; };
		ACC0A85823678BAB00E59D65 /* TrackDetailView.swift in Sources */ = {isa = PBXBuildFile; fileRef = ACC0A85723678BAB00E59D65 /* TrackDetailView.swift */; };
		ACE31DD32360BE3300B7A85A /* NetworkService.swift in Sources */ = {isa = PBXBuildFile; fileRef = ACE31DD22360BE3300B7A85A /* NetworkService.swift */; };
		ACE31DDB2360BE8C00B7A85A /* SearchPresenter.swift in Sources */ = {isa = PBXBuildFile; fileRef = ACE31DD42360BE8C00B7A85A /* SearchPresenter.swift */; };
		ACE31DDC2360BE8C00B7A85A /* SearchWorker.swift in Sources */ = {isa = PBXBuildFile; fileRef = ACE31DD52360BE8C00B7A85A /* SearchWorker.swift */; };
		ACE31DDD2360BE8C00B7A85A /* SearchRouter.swift in Sources */ = {isa = PBXBuildFile; fileRef = ACE31DD62360BE8C00B7A85A /* SearchRouter.swift */; };
		ACE31DDE2360BE8C00B7A85A /* SearchModels.swift in Sources */ = {isa = PBXBuildFile; fileRef = ACE31DD72360BE8C00B7A85A /* SearchModels.swift */; };
		ACE31DDF2360BE8C00B7A85A /* SearchViewController.swift in Sources */ = {isa = PBXBuildFile; fileRef = ACE31DD82360BE8C00B7A85A /* SearchViewController.swift */; };
		ACE31DE02360BE8C00B7A85A /* SearchInteractor.swift in Sources */ = {isa = PBXBuildFile; fileRef = ACE31DD92360BE8C00B7A85A /* SearchInteractor.swift */; };
		ACE31DE32360BF8A00B7A85A /* SearchViewController.storyboard in Resources */ = {isa = PBXBuildFile; fileRef = ACE31DE22360BF8A00B7A85A /* SearchViewController.storyboard */; };
		ACE31DE62360C25D00B7A85A /* UIViewController + Storyboard.swift in Sources */ = {isa = PBXBuildFile; fileRef = ACE31DE52360C25D00B7A85A /* UIViewController + Storyboard.swift */; };
		ACE31DEB2360F4E700B7A85A /* TrackCell.xib in Resources */ = {isa = PBXBuildFile; fileRef = ACE31DEA2360F4E700B7A85A /* TrackCell.xib */; };
		ACE31DED2360F55C00B7A85A /* TrackCell.swift in Sources */ = {isa = PBXBuildFile; fileRef = ACE31DEC2360F55C00B7A85A /* TrackCell.swift */; };
		ACE31DF02361012F00B7A85A /* SearchResponse.swift in Sources */ = {isa = PBXBuildFile; fileRef = ACE31DEF2361012F00B7A85A /* SearchResponse.swift */; };
/* End PBXBuildFile section */

/* Begin PBXContainerItemProxy section */
		AC4F729F235CED9900CF4B1F /* PBXContainerItemProxy */ = {
			isa = PBXContainerItemProxy;
			containerPortal = AC4F727D235CED9700CF4B1F /* Project object */;
			proxyType = 1;
			remoteGlobalIDString = AC4F7284235CED9700CF4B1F;
			remoteInfo = Music;
		};
		AC4F72AA235CED9900CF4B1F /* PBXContainerItemProxy */ = {
			isa = PBXContainerItemProxy;
			containerPortal = AC4F727D235CED9700CF4B1F /* Project object */;
			proxyType = 1;
			remoteGlobalIDString = AC4F7284235CED9700CF4B1F;
			remoteInfo = Music;
		};
/* End PBXContainerItemProxy section */

/* Begin PBXFileReference section */
		13ED4BF199CC8B5724ACC97E /* Pods_MusicTests.framework */ = {isa = PBXFileReference; explicitFileType = wrapper.framework; includeInIndex = 0; path = Pods_MusicTests.framework; sourceTree = BUILT_PRODUCTS_DIR; };
		1DAB8222B0DDE7979080AA64 /* Pods-MusicUITests.release.xcconfig */ = {isa = PBXFileReference; includeInIndex = 1; lastKnownFileType = text.xcconfig; name = "Pods-MusicUITests.release.xcconfig"; path = "Target Support Files/Pods-MusicUITests/Pods-MusicUITests.release.xcconfig"; sourceTree = "<group>"; };
		2AF231C616F729CFD4B83B7A /* Pods-Music.debug.xcconfig */ = {isa = PBXFileReference; includeInIndex = 1; lastKnownFileType = text.xcconfig; name = "Pods-Music.debug.xcconfig"; path = "Target Support Files/Pods-Music/Pods-Music.debug.xcconfig"; sourceTree = "<group>"; };
		874E328F76B3B2C545227656 /* Pods-MusicUITests.debug.xcconfig */ = {isa = PBXFileReference; includeInIndex = 1; lastKnownFileType = text.xcconfig; name = "Pods-MusicUITests.debug.xcconfig"; path = "Target Support Files/Pods-MusicUITests/Pods-MusicUITests.debug.xcconfig"; sourceTree = "<group>"; };
		90677299D792147995FF13CD /* Pods_MusicUITests.framework */ = {isa = PBXFileReference; explicitFileType = wrapper.framework; includeInIndex = 0; path = Pods_MusicUITests.framework; sourceTree = BUILT_PRODUCTS_DIR; };
		A013F5B7CC0A8CD23F60C308 /* Pods-MusicTests.debug.xcconfig */ = {isa = PBXFileReference; includeInIndex = 1; lastKnownFileType = text.xcconfig; name = "Pods-MusicTests.debug.xcconfig"; path = "Target Support Files/Pods-MusicTests/Pods-MusicTests.debug.xcconfig"; sourceTree = "<group>"; };
		A11B82FA74E8667D76DB34DB /* Pods-Music.release.xcconfig */ = {isa = PBXFileReference; includeInIndex = 1; lastKnownFileType = text.xcconfig; name = "Pods-Music.release.xcconfig"; path = "Target Support Files/Pods-Music/Pods-Music.release.xcconfig"; sourceTree = "<group>"; };
		AC4F7285235CED9700CF4B1F /* Music.app */ = {isa = PBXFileReference; explicitFileType = wrapper.application; includeInIndex = 0; path = Music.app; sourceTree = BUILT_PRODUCTS_DIR; };
		AC4F7288235CED9700CF4B1F /* AppDelegate.swift */ = {isa = PBXFileReference; lastKnownFileType = sourcecode.swift; path = AppDelegate.swift; sourceTree = "<group>"; };
		AC4F728A235CED9700CF4B1F /* SceneDelegate.swift */ = {isa = PBXFileReference; lastKnownFileType = sourcecode.swift; path = SceneDelegate.swift; sourceTree = "<group>"; };
		AC4F728C235CED9700CF4B1F /* ViewController.swift */ = {isa = PBXFileReference; lastKnownFileType = sourcecode.swift; path = ViewController.swift; sourceTree = "<group>"; };
		AC4F728F235CED9700CF4B1F /* Base */ = {isa = PBXFileReference; lastKnownFileType = file.storyboard; name = Base; path = Base.lproj/Main.storyboard; sourceTree = "<group>"; };
		AC4F7292235CED9700CF4B1F /* Music.xcdatamodel */ = {isa = PBXFileReference; lastKnownFileType = wrapper.xcdatamodel; path = Music.xcdatamodel; sourceTree = "<group>"; };
		AC4F7294235CED9900CF4B1F /* Assets.xcassets */ = {isa = PBXFileReference; lastKnownFileType = folder.assetcatalog; path = Assets.xcassets; sourceTree = "<group>"; };
		AC4F7297235CED9900CF4B1F /* Base */ = {isa = PBXFileReference; lastKnownFileType = file.storyboard; name = Base; path = Base.lproj/LaunchScreen.storyboard; sourceTree = "<group>"; };
		AC4F7299235CED9900CF4B1F /* Info.plist */ = {isa = PBXFileReference; lastKnownFileType = text.plist.xml; path = Info.plist; sourceTree = "<group>"; };
		AC4F729E235CED9900CF4B1F /* MusicTests.xctest */ = {isa = PBXFileReference; explicitFileType = wrapper.cfbundle; includeInIndex = 0; path = MusicTests.xctest; sourceTree = BUILT_PRODUCTS_DIR; };
		AC4F72A2235CED9900CF4B1F /* MusicTests.swift */ = {isa = PBXFileReference; lastKnownFileType = sourcecode.swift; path = MusicTests.swift; sourceTree = "<group>"; };
		AC4F72A4235CED9900CF4B1F /* Info.plist */ = {isa = PBXFileReference; lastKnownFileType = text.plist.xml; path = Info.plist; sourceTree = "<group>"; };
		AC4F72A9235CED9900CF4B1F /* MusicUITests.xctest */ = {isa = PBXFileReference; explicitFileType = wrapper.cfbundle; includeInIndex = 0; path = MusicUITests.xctest; sourceTree = BUILT_PRODUCTS_DIR; };
		AC4F72AD235CED9900CF4B1F /* MusicUITests.swift */ = {isa = PBXFileReference; lastKnownFileType = sourcecode.swift; path = MusicUITests.swift; sourceTree = "<group>"; };
		AC4F72AF235CED9900CF4B1F /* Info.plist */ = {isa = PBXFileReference; lastKnownFileType = text.plist.xml; path = Info.plist; sourceTree = "<group>"; };
		AC4F72BD235CF11900CF4B1F /* MainTabBarController.swift */ = {isa = PBXFileReference; lastKnownFileType = sourcecode.swift; path = MainTabBarController.swift; sourceTree = "<group>"; };
		AC4F72BF235CF48400CF4B1F /* MusicViewController.swift */ = {isa = PBXFileReference; lastKnownFileType = sourcecode.swift; path = MusicViewController.swift; sourceTree = "<group>"; };
		AC4F72C1235E4F4000CF4B1F /* TrackModel.swift */ = {isa = PBXFileReference; lastKnownFileType = sourcecode.swift; path = TrackModel.swift; sourceTree = "<group>"; };
		ACC0A852236636E200E59D65 /* FooterView.swift */ = {isa = PBXFileReference; lastKnownFileType = sourcecode.swift; path = FooterView.swift; sourceTree = "<group>"; };
		ACC0A85523678B9B00E59D65 /* TrackDetailView.xib */ = {isa = PBXFileReference; lastKnownFileType = file.xib; path = TrackDetailView.xib; sourceTree = "<group>"; };
		ACC0A85723678BAB00E59D65 /* TrackDetailView.swift */ = {isa = PBXFileReference; lastKnownFileType = sourcecode.swift; path = TrackDetailView.swift; sourceTree = "<group>"; };
		ACE31DD22360BE3300B7A85A /* NetworkService.swift */ = {isa = PBXFileReference; lastKnownFileType = sourcecode.swift; path = NetworkService.swift; sourceTree = "<group>"; };
		ACE31DD42360BE8C00B7A85A /* SearchPresenter.swift */ = {isa = PBXFileReference; lastKnownFileType = sourcecode.swift; path = SearchPresenter.swift; sourceTree = "<group>"; };
		ACE31DD52360BE8C00B7A85A /* SearchWorker.swift */ = {isa = PBXFileReference; lastKnownFileType = sourcecode.swift; path = SearchWorker.swift; sourceTree = "<group>"; };
		ACE31DD62360BE8C00B7A85A /* SearchRouter.swift */ = {isa = PBXFileReference; lastKnownFileType = sourcecode.swift; path = SearchRouter.swift; sourceTree = "<group>"; };
		ACE31DD72360BE8C00B7A85A /* SearchModels.swift */ = {isa = PBXFileReference; lastKnownFileType = sourcecode.swift; path = SearchModels.swift; sourceTree = "<group>"; };
		ACE31DD82360BE8C00B7A85A /* SearchViewController.swift */ = {isa = PBXFileReference; lastKnownFileType = sourcecode.swift; path = SearchViewController.swift; sourceTree = "<group>"; };
		ACE31DD92360BE8C00B7A85A /* SearchInteractor.swift */ = {isa = PBXFileReference; lastKnownFileType = sourcecode.swift; path = SearchInteractor.swift; sourceTree = "<group>"; };
		ACE31DE22360BF8A00B7A85A /* SearchViewController.storyboard */ = {isa = PBXFileReference; lastKnownFileType = file.storyboard; path = SearchViewController.storyboard; sourceTree = "<group>"; };
		ACE31DE52360C25D00B7A85A /* UIViewController + Storyboard.swift */ = {isa = PBXFileReference; lastKnownFileType = sourcecode.swift; path = "UIViewController + Storyboard.swift"; sourceTree = "<group>"; };
		ACE31DEA2360F4E700B7A85A /* TrackCell.xib */ = {isa = PBXFileReference; lastKnownFileType = file.xib; path = TrackCell.xib; sourceTree = "<group>"; };
		ACE31DEC2360F55C00B7A85A /* TrackCell.swift */ = {isa = PBXFileReference; lastKnownFileType = sourcecode.swift; path = TrackCell.swift; sourceTree = "<group>"; };
		ACE31DEF2361012F00B7A85A /* SearchResponse.swift */ = {isa = PBXFileReference; lastKnownFileType = sourcecode.swift; path = SearchResponse.swift; sourceTree = "<group>"; };
		B5843AA52197920C30DA0A9B /* Pods-MusicTests.release.xcconfig */ = {isa = PBXFileReference; includeInIndex = 1; lastKnownFileType = text.xcconfig; name = "Pods-MusicTests.release.xcconfig"; path = "Target Support Files/Pods-MusicTests/Pods-MusicTests.release.xcconfig"; sourceTree = "<group>"; };
		E10F06115A4F99EFA72CC2C3 /* Pods_Music.framework */ = {isa = PBXFileReference; explicitFileType = wrapper.framework; includeInIndex = 0; path = Pods_Music.framework; sourceTree = BUILT_PRODUCTS_DIR; };
/* End PBXFileReference section */

/* Begin PBXFrameworksBuildPhase section */
		AC4F7282235CED9700CF4B1F /* Frameworks */ = {
			isa = PBXFrameworksBuildPhase;
			buildActionMask = 2147483647;
			files = (
				2D9317805FD4ED4BA1FD2E8D /* Pods_Music.framework in Frameworks */,
			);
			runOnlyForDeploymentPostprocessing = 0;
		};
		AC4F729B235CED9900CF4B1F /* Frameworks */ = {
			isa = PBXFrameworksBuildPhase;
			buildActionMask = 2147483647;
			files = (
				4B309972B9E9F7C7D0CBBC84 /* Pods_MusicTests.framework in Frameworks */,
			);
			runOnlyForDeploymentPostprocessing = 0;
		};
		AC4F72A6235CED9900CF4B1F /* Frameworks */ = {
			isa = PBXFrameworksBuildPhase;
			buildActionMask = 2147483647;
			files = (
				409331225E7C871FEF1E3332 /* Pods_MusicUITests.framework in Frameworks */,
			);
			runOnlyForDeploymentPostprocessing = 0;
		};
/* End PBXFrameworksBuildPhase section */

/* Begin PBXGroup section */
		2249009882229FA042C314C8 /* Pods */ = {
			isa = PBXGroup;
			children = (
				2AF231C616F729CFD4B83B7A /* Pods-Music.debug.xcconfig */,
				A11B82FA74E8667D76DB34DB /* Pods-Music.release.xcconfig */,
				A013F5B7CC0A8CD23F60C308 /* Pods-MusicTests.debug.xcconfig */,
				B5843AA52197920C30DA0A9B /* Pods-MusicTests.release.xcconfig */,
				874E328F76B3B2C545227656 /* Pods-MusicUITests.debug.xcconfig */,
				1DAB8222B0DDE7979080AA64 /* Pods-MusicUITests.release.xcconfig */,
			);
			path = Pods;
			sourceTree = "<group>";
		};
		508F259A3B1707C2BF306CDE /* Frameworks */ = {
			isa = PBXGroup;
			children = (
				E10F06115A4F99EFA72CC2C3 /* Pods_Music.framework */,
				13ED4BF199CC8B5724ACC97E /* Pods_MusicTests.framework */,
				90677299D792147995FF13CD /* Pods_MusicUITests.framework */,
			);
			name = Frameworks;
			sourceTree = "<group>";
		};
		AC4F727C235CED9700CF4B1F = {
			isa = PBXGroup;
			children = (
				AC4F7287235CED9700CF4B1F /* Music */,
				AC4F72A1235CED9900CF4B1F /* MusicTests */,
				AC4F72AC235CED9900CF4B1F /* MusicUITests */,
				AC4F7286235CED9700CF4B1F /* Products */,
				2249009882229FA042C314C8 /* Pods */,
				508F259A3B1707C2BF306CDE /* Frameworks */,
			);
			sourceTree = "<group>";
		};
		AC4F7286235CED9700CF4B1F /* Products */ = {
			isa = PBXGroup;
			children = (
				AC4F7285235CED9700CF4B1F /* Music.app */,
				AC4F729E235CED9900CF4B1F /* MusicTests.xctest */,
				AC4F72A9235CED9900CF4B1F /* MusicUITests.xctest */,
			);
			name = Products;
			sourceTree = "<group>";
		};
		AC4F7287235CED9700CF4B1F /* Music */ = {
			isa = PBXGroup;
			children = (
				ACE31DE42360C24200B7A85A /* Helpers */,
				ACE31DD12360BE1F00B7A85A /* Services */,
				ACE31DC22360BDC600B7A85A /* Search */,
				AC4F7288235CED9700CF4B1F /* AppDelegate.swift */,
				AC4F728A235CED9700CF4B1F /* SceneDelegate.swift */,
				AC4F728C235CED9700CF4B1F /* ViewController.swift */,
				AC4F728E235CED9700CF4B1F /* Main.storyboard */,
				AC4F7294235CED9900CF4B1F /* Assets.xcassets */,
				AC4F7296235CED9900CF4B1F /* LaunchScreen.storyboard */,
				AC4F7299235CED9900CF4B1F /* Info.plist */,
				AC4F7291235CED9700CF4B1F /* Music.xcdatamodeld */,
				AC4F72BD235CF11900CF4B1F /* MainTabBarController.swift */,
				AC4F72BF235CF48400CF4B1F /* MusicViewController.swift */,
				AC4F72C1235E4F4000CF4B1F /* TrackModel.swift */,
			);
			path = Music;
			sourceTree = "<group>";
		};
		AC4F72A1235CED9900CF4B1F /* MusicTests */ = {
			isa = PBXGroup;
			children = (
				AC4F72A2235CED9900CF4B1F /* MusicTests.swift */,
				AC4F72A4235CED9900CF4B1F /* Info.plist */,
			);
			path = MusicTests;
			sourceTree = "<group>";
		};
		AC4F72AC235CED9900CF4B1F /* MusicUITests */ = {
			isa = PBXGroup;
			children = (
				AC4F72AD235CED9900CF4B1F /* MusicUITests.swift */,
				AC4F72AF235CED9900CF4B1F /* Info.plist */,
			);
			path = MusicUITests;
			sourceTree = "<group>";
		};
		ACC0A851236636BF00E59D65 /* FooterView */ = {
			isa = PBXGroup;
			children = (
				ACC0A852236636E200E59D65 /* FooterView.swift */,
			);
			path = FooterView;
			sourceTree = "<group>";
		};
		ACC0A85423678B7100E59D65 /* TrackDetailView */ = {
			isa = PBXGroup;
			children = (
				ACC0A85523678B9B00E59D65 /* TrackDetailView.xib */,
				ACC0A85723678BAB00E59D65 /* TrackDetailView.swift */,
			);
			path = TrackDetailView;
			sourceTree = "<group>";
		};
		ACE31DC22360BDC600B7A85A /* Search */ = {
			isa = PBXGroup;
			children = (
				ACC0A85423678B7100E59D65 /* TrackDetailView */,
				ACC0A851236636BF00E59D65 /* FooterView */,
				ACE31DE92360F4D400B7A85A /* Cell */,
				ACE31DD42360BE8C00B7A85A /* SearchPresenter.swift */,
				ACE31DD92360BE8C00B7A85A /* SearchInteractor.swift */,
				ACE31DD52360BE8C00B7A85A /* SearchWorker.swift */,
				ACE31DD62360BE8C00B7A85A /* SearchRouter.swift */,
				ACE31DD72360BE8C00B7A85A /* SearchModels.swift */,
				ACE31DD82360BE8C00B7A85A /* SearchViewController.swift */,
				ACE31DE22360BF8A00B7A85A /* SearchViewController.storyboard */,
			);
			path = Search;
			sourceTree = "<group>";
		};
		ACE31DD12360BE1F00B7A85A /* Services */ = {
			isa = PBXGroup;
			children = (
				ACE31DEE2361011500B7A85A /* Models */,
				ACE31DD22360BE3300B7A85A /* NetworkService.swift */,
			);
			path = Services;
			sourceTree = "<group>";
		};
		ACE31DE42360C24200B7A85A /* Helpers */ = {
			isa = PBXGroup;
			children = (
				ACE31DE52360C25D00B7A85A /* UIViewController + Storyboard.swift */,
			);
			path = Helpers;
			sourceTree = "<group>";
		};
		ACE31DE92360F4D400B7A85A /* Cell */ = {
			isa = PBXGroup;
			children = (
				ACE31DEA2360F4E700B7A85A /* TrackCell.xib */,
				ACE31DEC2360F55C00B7A85A /* TrackCell.swift */,
			);
			path = Cell;
			sourceTree = "<group>";
		};
		ACE31DEE2361011500B7A85A /* Models */ = {
			isa = PBXGroup;
			children = (
				ACE31DEF2361012F00B7A85A /* SearchResponse.swift */,
			);
			path = Models;
			sourceTree = "<group>";
		};
/* End PBXGroup section */

/* Begin PBXNativeTarget section */
		AC4F7284235CED9700CF4B1F /* Music */ = {
			isa = PBXNativeTarget;
			buildConfigurationList = AC4F72B2235CED9900CF4B1F /* Build configuration list for PBXNativeTarget "Music" */;
			buildPhases = (
				1A132AB06A0319F96DD675E4 /* [CP] Check Pods Manifest.lock */,
				AC4F7281235CED9700CF4B1F /* Sources */,
				AC4F7282235CED9700CF4B1F /* Frameworks */,
				AC4F7283235CED9700CF4B1F /* Resources */,
				F87C4D1B790E15509C7FB57C /* [CP] Embed Pods Frameworks */,
			);
			buildRules = (
			);
			dependencies = (
			);
			name = Music;
			productName = Music;
			productReference = AC4F7285235CED9700CF4B1F /* Music.app */;
			productType = "com.apple.product-type.application";
		};
		AC4F729D235CED9900CF4B1F /* MusicTests */ = {
			isa = PBXNativeTarget;
			buildConfigurationList = AC4F72B5235CED9900CF4B1F /* Build configuration list for PBXNativeTarget "MusicTests" */;
			buildPhases = (
				A163F432031C04A8EBBC3385 /* [CP] Check Pods Manifest.lock */,
				AC4F729A235CED9900CF4B1F /* Sources */,
				AC4F729B235CED9900CF4B1F /* Frameworks */,
				AC4F729C235CED9900CF4B1F /* Resources */,
			);
			buildRules = (
			);
			dependencies = (
				AC4F72A0235CED9900CF4B1F /* PBXTargetDependency */,
			);
			name = MusicTests;
			productName = MusicTests;
			productReference = AC4F729E235CED9900CF4B1F /* MusicTests.xctest */;
			productType = "com.apple.product-type.bundle.unit-test";
		};
		AC4F72A8235CED9900CF4B1F /* MusicUITests */ = {
			isa = PBXNativeTarget;
			buildConfigurationList = AC4F72B8235CED9900CF4B1F /* Build configuration list for PBXNativeTarget "MusicUITests" */;
			buildPhases = (
				46490A554B1F27041342FFC7 /* [CP] Check Pods Manifest.lock */,
				AC4F72A5235CED9900CF4B1F /* Sources */,
				AC4F72A6235CED9900CF4B1F /* Frameworks */,
				AC4F72A7235CED9900CF4B1F /* Resources */,
			);
			buildRules = (
			);
			dependencies = (
				AC4F72AB235CED9900CF4B1F /* PBXTargetDependency */,
			);
			name = MusicUITests;
			productName = MusicUITests;
			productReference = AC4F72A9235CED9900CF4B1F /* MusicUITests.xctest */;
			productType = "com.apple.product-type.bundle.ui-testing";
		};
/* End PBXNativeTarget section */

/* Begin PBXProject section */
		AC4F727D235CED9700CF4B1F /* Project object */ = {
			isa = PBXProject;
			attributes = {
				LastSwiftUpdateCheck = 1110;
				LastUpgradeCheck = 1110;
				ORGANIZATIONNAME = "Artem Kovardin";
				TargetAttributes = {
					AC4F7284235CED9700CF4B1F = {
						CreatedOnToolsVersion = 11.1;
					};
					AC4F729D235CED9900CF4B1F = {
						CreatedOnToolsVersion = 11.1;
						TestTargetID = AC4F7284235CED9700CF4B1F;
					};
					AC4F72A8235CED9900CF4B1F = {
						CreatedOnToolsVersion = 11.1;
						TestTargetID = AC4F7284235CED9700CF4B1F;
					};
				};
			};
			buildConfigurationList = AC4F7280235CED9700CF4B1F /* Build configuration list for PBXProject "Music" */;
			compatibilityVersion = "Xcode 9.3";
			developmentRegion = en;
			hasScannedForEncodings = 0;
			knownRegions = (
				en,
				Base,
			);
			mainGroup = AC4F727C235CED9700CF4B1F;
			productRefGroup = AC4F7286235CED9700CF4B1F /* Products */;
			projectDirPath = "";
			projectRoot = "";
			targets = (
				AC4F7284235CED9700CF4B1F /* Music */,
				AC4F729D235CED9900CF4B1F /* MusicTests */,
				AC4F72A8235CED9900CF4B1F /* MusicUITests */,
			);
		};
/* End PBXProject section */

/* Begin PBXResourcesBuildPhase section */
		AC4F7283235CED9700CF4B1F /* Resources */ = {
			isa = PBXResourcesBuildPhase;
			buildActionMask = 2147483647;
			files = (
				AC4F7298235CED9900CF4B1F /* LaunchScreen.storyboard in Resources */,
				ACC0A85623678B9B00E59D65 /* TrackDetailView.xib in Resources */,
				ACE31DEB2360F4E700B7A85A /* TrackCell.xib in Resources */,
				AC4F7295235CED9900CF4B1F /* Assets.xcassets in Resources */,
				ACE31DE32360BF8A00B7A85A /* SearchViewController.storyboard in Resources */,
				AC4F7290235CED9700CF4B1F /* Main.storyboard in Resources */,
			);
			runOnlyForDeploymentPostprocessing = 0;
		};
		AC4F729C235CED9900CF4B1F /* Resources */ = {
			isa = PBXResourcesBuildPhase;
			buildActionMask = 2147483647;
			files = (
			);
			runOnlyForDeploymentPostprocessing = 0;
		};
		AC4F72A7235CED9900CF4B1F /* Resources */ = {
			isa = PBXResourcesBuildPhase;
			buildActionMask = 2147483647;
			files = (
			);
			runOnlyForDeploymentPostprocessing = 0;
		};
/* End PBXResourcesBuildPhase section */

/* Begin PBXShellScriptBuildPhase section */
		1A132AB06A0319F96DD675E4 /* [CP] Check Pods Manifest.lock */ = {
			isa = PBXShellScriptBuildPhase;
			buildActionMask = 2147483647;
			files = (
			);
			inputFileListPaths = (
			);
			inputPaths = (
				"${PODS_PODFILE_DIR_PATH}/Podfile.lock",
				"${PODS_ROOT}/Manifest.lock",
			);
			name = "[CP] Check Pods Manifest.lock";
			outputFileListPaths = (
			);
			outputPaths = (
				"$(DERIVED_FILE_DIR)/Pods-Music-checkManifestLockResult.txt",
			);
			runOnlyForDeploymentPostprocessing = 0;
			shellPath = /bin/sh;
			shellScript = "diff \"${PODS_PODFILE_DIR_PATH}/Podfile.lock\" \"${PODS_ROOT}/Manifest.lock\" > /dev/null\nif [ $? != 0 ] ; then\n    # print error to STDERR\n    echo \"error: The sandbox is not in sync with the Podfile.lock. Run 'pod install' or update your CocoaPods installation.\" >&2\n    exit 1\nfi\n# This output is used by Xcode 'outputs' to avoid re-running this script phase.\necho \"SUCCESS\" > \"${SCRIPT_OUTPUT_FILE_0}\"\n";
			showEnvVarsInLog = 0;
		};
		46490A554B1F27041342FFC7 /* [CP] Check Pods Manifest.lock */ = {
			isa = PBXShellScriptBuildPhase;
			buildActionMask = 2147483647;
			files = (
			);
			inputFileListPaths = (
			);
			inputPaths = (
				"${PODS_PODFILE_DIR_PATH}/Podfile.lock",
				"${PODS_ROOT}/Manifest.lock",
			);
			name = "[CP] Check Pods Manifest.lock";
			outputFileListPaths = (
			);
			outputPaths = (
				"$(DERIVED_FILE_DIR)/Pods-MusicUITests-checkManifestLockResult.txt",
			);
			runOnlyForDeploymentPostprocessing = 0;
			shellPath = /bin/sh;
			shellScript = "diff \"${PODS_PODFILE_DIR_PATH}/Podfile.lock\" \"${PODS_ROOT}/Manifest.lock\" > /dev/null\nif [ $? != 0 ] ; then\n    # print error to STDERR\n    echo \"error: The sandbox is not in sync with the Podfile.lock. Run 'pod install' or update your CocoaPods installation.\" >&2\n    exit 1\nfi\n# This output is used by Xcode 'outputs' to avoid re-running this script phase.\necho \"SUCCESS\" > \"${SCRIPT_OUTPUT_FILE_0}\"\n";
			showEnvVarsInLog = 0;
		};
		A163F432031C04A8EBBC3385 /* [CP] Check Pods Manifest.lock */ = {
			isa = PBXShellScriptBuildPhase;
			buildActionMask = 2147483647;
			files = (
			);
			inputFileListPaths = (
			);
			inputPaths = (
				"${PODS_PODFILE_DIR_PATH}/Podfile.lock",
				"${PODS_ROOT}/Manifest.lock",
			);
			name = "[CP] Check Pods Manifest.lock";
			outputFileListPaths = (
			);
			outputPaths = (
				"$(DERIVED_FILE_DIR)/Pods-MusicTests-checkManifestLockResult.txt",
			);
			runOnlyForDeploymentPostprocessing = 0;
			shellPath = /bin/sh;
			shellScript = "diff \"${PODS_PODFILE_DIR_PATH}/Podfile.lock\" \"${PODS_ROOT}/Manifest.lock\" > /dev/null\nif [ $? != 0 ] ; then\n    # print error to STDERR\n    echo \"error: The sandbox is not in sync with the Podfile.lock. Run 'pod install' or update your CocoaPods installation.\" >&2\n    exit 1\nfi\n# This output is used by Xcode 'outputs' to avoid re-running this script phase.\necho \"SUCCESS\" > \"${SCRIPT_OUTPUT_FILE_0}\"\n";
			showEnvVarsInLog = 0;
		};
		F87C4D1B790E15509C7FB57C /* [CP] Embed Pods Frameworks */ = {
			isa = PBXShellScriptBuildPhase;
			buildActionMask = 2147483647;
			files = (
			);
			inputFileListPaths = (
				"${PODS_ROOT}/Target Support Files/Pods-Music/Pods-Music-frameworks-${CONFIGURATION}-input-files.xcfilelist",
			);
			name = "[CP] Embed Pods Frameworks";
			outputFileListPaths = (
				"${PODS_ROOT}/Target Support Files/Pods-Music/Pods-Music-frameworks-${CONFIGURATION}-output-files.xcfilelist",
			);
			runOnlyForDeploymentPostprocessing = 0;
			shellPath = /bin/sh;
			shellScript = "\"${PODS_ROOT}/Target Support Files/Pods-Music/Pods-Music-frameworks.sh\"\n";
			showEnvVarsInLog = 0;
		};
/* End PBXShellScriptBuildPhase section */

/* Begin PBXSourcesBuildPhase section */
		AC4F7281235CED9700CF4B1F /* Sources */ = {
			isa = PBXSourcesBuildPhase;
			buildActionMask = 2147483647;
			files = (
				AC4F72C0235CF48400CF4B1F /* MusicViewController.swift in Sources */,
				ACE31DDC2360BE8C00B7A85A /* SearchWorker.swift in Sources */,
				ACE31DDD2360BE8C00B7A85A /* SearchRouter.swift in Sources */,
				ACC0A853236636E200E59D65 /* FooterView.swift in Sources */,
				AC4F728D235CED9700CF4B1F /* ViewController.swift in Sources */,
				ACC0A85823678BAB00E59D65 /* TrackDetailView.swift in Sources */,
				ACE31DDB2360BE8C00B7A85A /* SearchPresenter.swift in Sources */,
				ACE31DD32360BE3300B7A85A /* NetworkService.swift in Sources */,
				ACE31DE62360C25D00B7A85A /* UIViewController + Storyboard.swift in Sources */,
				ACE31DE02360BE8C00B7A85A /* SearchInteractor.swift in Sources */,
				AC4F72C2235E4F4000CF4B1F /* TrackModel.swift in Sources */,
				AC4F7289235CED9700CF4B1F /* AppDelegate.swift in Sources */,
				ACE31DDF2360BE8C00B7A85A /* SearchViewController.swift in Sources */,
				AC4F72BE235CF11900CF4B1F /* MainTabBarController.swift in Sources */,
				ACE31DF02361012F00B7A85A /* SearchResponse.swift in Sources */,
				AC4F728B235CED9700CF4B1F /* SceneDelegate.swift in Sources */,
				AC4F7293235CED9700CF4B1F /* Music.xcdatamodeld in Sources */,
				ACE31DDE2360BE8C00B7A85A /* SearchModels.swift in Sources */,
				ACE31DED2360F55C00B7A85A /* TrackCell.swift in Sources */,
			);
			runOnlyForDeploymentPostprocessing = 0;
		};
		AC4F729A235CED9900CF4B1F /* Sources */ = {
			isa = PBXSourcesBuildPhase;
			buildActionMask = 2147483647;
			files = (
				AC4F72A3235CED9900CF4B1F /* MusicTests.swift in Sources */,
			);
			runOnlyForDeploymentPostprocessing = 0;
		};
		AC4F72A5235CED9900CF4B1F /* Sources */ = {
			isa = PBXSourcesBuildPhase;
			buildActionMask = 2147483647;
			files = (
				AC4F72AE235CED9900CF4B1F /* MusicUITests.swift in Sources */,
			);
			runOnlyForDeploymentPostprocessing = 0;
		};
/* End PBXSourcesBuildPhase section */

/* Begin PBXTargetDependency section */
		AC4F72A0235CED9900CF4B1F /* PBXTargetDependency */ = {
			isa = PBXTargetDependency;
			target = AC4F7284235CED9700CF4B1F /* Music */;
			targetProxy = AC4F729F235CED9900CF4B1F /* PBXContainerItemProxy */;
		};
		AC4F72AB235CED9900CF4B1F /* PBXTargetDependency */ = {
			isa = PBXTargetDependency;
			target = AC4F7284235CED9700CF4B1F /* Music */;
			targetProxy = AC4F72AA235CED9900CF4B1F /* PBXContainerItemProxy */;
		};
/* End PBXTargetDependency section */

/* Begin PBXVariantGroup section */
		AC4F728E235CED9700CF4B1F /* Main.storyboard */ = {
			isa = PBXVariantGroup;
			children = (
				AC4F728F235CED9700CF4B1F /* Base */,
			);
			name = Main.storyboard;
			sourceTree = "<group>";
		};
		AC4F7296235CED9900CF4B1F /* LaunchScreen.storyboard */ = {
			isa = PBXVariantGroup;
			children = (
				AC4F7297235CED9900CF4B1F /* Base */,
			);
			name = LaunchScreen.storyboard;
			sourceTree = "<group>";
		};
/* End PBXVariantGroup section */

/* Begin XCBuildConfiguration section */
		AC4F72B0235CED9900CF4B1F /* Debug */ = {
			isa = XCBuildConfiguration;
			buildSettings = {
				ALWAYS_SEARCH_USER_PATHS = NO;
				CLANG_ANALYZER_NONNULL = YES;
				CLANG_ANALYZER_NUMBER_OBJECT_CONVERSION = YES_AGGRESSIVE;
				CLANG_CXX_LANGUAGE_STANDARD = "gnu++14";
				CLANG_CXX_LIBRARY = "libc++";
				CLANG_ENABLE_MODULES = YES;
				CLANG_ENABLE_OBJC_ARC = YES;
				CLANG_ENABLE_OBJC_WEAK = YES;
				CLANG_WARN_BLOCK_CAPTURE_AUTORELEASING = YES;
				CLANG_WARN_BOOL_CONVERSION = YES;
				CLANG_WARN_COMMA = YES;
				CLANG_WARN_CONSTANT_CONVERSION = YES;
				CLANG_WARN_DEPRECATED_OBJC_IMPLEMENTATIONS = YES;
				CLANG_WARN_DIRECT_OBJC_ISA_USAGE = YES_ERROR;
				CLANG_WARN_DOCUMENTATION_COMMENTS = YES;
				CLANG_WARN_EMPTY_BODY = YES;
				CLANG_WARN_ENUM_CONVERSION = YES;
				CLANG_WARN_INFINITE_RECURSION = YES;
				CLANG_WARN_INT_CONVERSION = YES;
				CLANG_WARN_NON_LITERAL_NULL_CONVERSION = YES;
				CLANG_WARN_OBJC_IMPLICIT_RETAIN_SELF = YES;
				CLANG_WARN_OBJC_LITERAL_CONVERSION = YES;
				CLANG_WARN_OBJC_ROOT_CLASS = YES_ERROR;
				CLANG_WARN_RANGE_LOOP_ANALYSIS = YES;
				CLANG_WARN_STRICT_PROTOTYPES = YES;
				CLANG_WARN_SUSPICIOUS_MOVE = YES;
				CLANG_WARN_UNGUARDED_AVAILABILITY = YES_AGGRESSIVE;
				CLANG_WARN_UNREACHABLE_CODE = YES;
				CLANG_WARN__DUPLICATE_METHOD_MATCH = YES;
				COPY_PHASE_STRIP = NO;
				DEBUG_INFORMATION_FORMAT = dwarf;
				ENABLE_STRICT_OBJC_MSGSEND = YES;
				ENABLE_TESTABILITY = YES;
				GCC_C_LANGUAGE_STANDARD = gnu11;
				GCC_DYNAMIC_NO_PIC = NO;
				GCC_NO_COMMON_BLOCKS = YES;
				GCC_OPTIMIZATION_LEVEL = 0;
				GCC_PREPROCESSOR_DEFINITIONS = (
					"DEBUG=1",
					"$(inherited)",
				);
				GCC_WARN_64_TO_32_BIT_CONVERSION = YES;
				GCC_WARN_ABOUT_RETURN_TYPE = YES_ERROR;
				GCC_WARN_UNDECLARED_SELECTOR = YES;
				GCC_WARN_UNINITIALIZED_AUTOS = YES_AGGRESSIVE;
				GCC_WARN_UNUSED_FUNCTION = YES;
				GCC_WARN_UNUSED_VARIABLE = YES;
				IPHONEOS_DEPLOYMENT_TARGET = 13.1;
				MTL_ENABLE_DEBUG_INFO = INCLUDE_SOURCE;
				MTL_FAST_MATH = YES;
				ONLY_ACTIVE_ARCH = YES;
				SDKROOT = iphoneos;
				SWIFT_ACTIVE_COMPILATION_CONDITIONS = DEBUG;
				SWIFT_OPTIMIZATION_LEVEL = "-Onone";
			};
			name = Debug;
		};
		AC4F72B1235CED9900CF4B1F /* Release */ = {
			isa = XCBuildConfiguration;
			buildSettings = {
				ALWAYS_SEARCH_USER_PATHS = NO;
				CLANG_ANALYZER_NONNULL = YES;
				CLANG_ANALYZER_NUMBER_OBJECT_CONVERSION = YES_AGGRESSIVE;
				CLANG_CXX_LANGUAGE_STANDARD = "gnu++14";
				CLANG_CXX_LIBRARY = "libc++";
				CLANG_ENABLE_MODULES = YES;
				CLANG_ENABLE_OBJC_ARC = YES;
				CLANG_ENABLE_OBJC_WEAK = YES;
				CLANG_WARN_BLOCK_CAPTURE_AUTORELEASING = YES;
				CLANG_WARN_BOOL_CONVERSION = YES;
				CLANG_WARN_COMMA = YES;
				CLANG_WARN_CONSTANT_CONVERSION = YES;
				CLANG_WARN_DEPRECATED_OBJC_IMPLEMENTATIONS = YES;
				CLANG_WARN_DIRECT_OBJC_ISA_USAGE = YES_ERROR;
				CLANG_WARN_DOCUMENTATION_COMMENTS = YES;
				CLANG_WARN_EMPTY_BODY = YES;
				CLANG_WARN_ENUM_CONVERSION = YES;
				CLANG_WARN_INFINITE_RECURSION = YES;
				CLANG_WARN_INT_CONVERSION = YES;
				CLANG_WARN_NON_LITERAL_NULL_CONVERSION = YES;
				CLANG_WARN_OBJC_IMPLICIT_RETAIN_SELF = YES;
				CLANG_WARN_OBJC_LITERAL_CONVERSION = YES;
				CLANG_WARN_OBJC_ROOT_CLASS = YES_ERROR;
				CLANG_WARN_RANGE_LOOP_ANALYSIS = YES;
				CLANG_WARN_STRICT_PROTOTYPES = YES;
				CLANG_WARN_SUSPICIOUS_MOVE = YES;
				CLANG_WARN_UNGUARDED_AVAILABILITY = YES_AGGRESSIVE;
				CLANG_WARN_UNREACHABLE_CODE = YES;
				CLANG_WARN__DUPLICATE_METHOD_MATCH = YES;
				COPY_PHASE_STRIP = NO;
				DEBUG_INFORMATION_FORMAT = "dwarf-with-dsym";
				ENABLE_NS_ASSERTIONS = NO;
				ENABLE_STRICT_OBJC_MSGSEND = YES;
				GCC_C_LANGUAGE_STANDARD = gnu11;
				GCC_NO_COMMON_BLOCKS = YES;
				GCC_WARN_64_TO_32_BIT_CONVERSION = YES;
				GCC_WARN_ABOUT_RETURN_TYPE = YES_ERROR;
				GCC_WARN_UNDECLARED_SELECTOR = YES;
				GCC_WARN_UNINITIALIZED_AUTOS = YES_AGGRESSIVE;
				GCC_WARN_UNUSED_FUNCTION = YES;
				GCC_WARN_UNUSED_VARIABLE = YES;
				IPHONEOS_DEPLOYMENT_TARGET = 13.1;
				MTL_ENABLE_DEBUG_INFO = NO;
				MTL_FAST_MATH = YES;
				SDKROOT = iphoneos;
				SWIFT_COMPILATION_MODE = wholemodule;
				SWIFT_OPTIMIZATION_LEVEL = "-O";
				VALIDATE_PRODUCT = YES;
			};
			name = Release;
		};
		AC4F72B3235CED9900CF4B1F /* Debug */ = {
			isa = XCBuildConfiguration;
			baseConfigurationReference = 2AF231C616F729CFD4B83B7A /* Pods-Music.debug.xcconfig */;
			buildSettings = {
				ASSETCATALOG_COMPILER_APPICON_NAME = AppIcon;
				CODE_SIGN_STYLE = Automatic;
				DEVELOPMENT_TEAM = 25K6PDW2HY;
				INFOPLIST_FILE = Music/Info.plist;
				LD_RUNPATH_SEARCH_PATHS = (
					"$(inherited)",
					"@executable_path/Frameworks",
				);
				PRODUCT_BUNDLE_IDENTIFIER = ru.4gophers.Music;
				PRODUCT_NAME = "$(TARGET_NAME)";
				SWIFT_VERSION = 5.0;
				TARGETED_DEVICE_FAMILY = "1,2";
			};
			name = Debug;
		};
		AC4F72B4235CED9900CF4B1F /* Release */ = {
			isa = XCBuildConfiguration;
			baseConfigurationReference = A11B82FA74E8667D76DB34DB /* Pods-Music.release.xcconfig */;
			buildSettings = {
				ASSETCATALOG_COMPILER_APPICON_NAME = AppIcon;
				CODE_SIGN_STYLE = Automatic;
				DEVELOPMENT_TEAM = 25K6PDW2HY;
				INFOPLIST_FILE = Music/Info.plist;
				LD_RUNPATH_SEARCH_PATHS = (
					"$(inherited)",
					"@executable_path/Frameworks",
				);
				PRODUCT_BUNDLE_IDENTIFIER = ru.4gophers.Music;
				PRODUCT_NAME = "$(TARGET_NAME)";
				SWIFT_VERSION = 5.0;
				TARGETED_DEVICE_FAMILY = "1,2";
			};
			name = Release;
		};
		AC4F72B6235CED9900CF4B1F /* Debug */ = {
			isa = XCBuildConfiguration;
			baseConfigurationReference = A013F5B7CC0A8CD23F60C308 /* Pods-MusicTests.debug.xcconfig */;
			buildSettings = {
				ALWAYS_EMBED_SWIFT_STANDARD_LIBRARIES = YES;
				BUNDLE_LOADER = "$(TEST_HOST)";
				CODE_SIGN_STYLE = Automatic;
				DEVELOPMENT_TEAM = 25K6PDW2HY;
				INFOPLIST_FILE = MusicTests/Info.plist;
				IPHONEOS_DEPLOYMENT_TARGET = 13.1;
				LD_RUNPATH_SEARCH_PATHS = (
					"$(inherited)",
					"@executable_path/Frameworks",
					"@loader_path/Frameworks",
				);
				PRODUCT_BUNDLE_IDENTIFIER = ru.4gophers.MusicTests;
				PRODUCT_NAME = "$(TARGET_NAME)";
				SWIFT_VERSION = 5.0;
				TARGETED_DEVICE_FAMILY = "1,2";
				TEST_HOST = "$(BUILT_PRODUCTS_DIR)/Music.app/Music";
			};
			name = Debug;
		};
		AC4F72B7235CED9900CF4B1F /* Release */ = {
			isa = XCBuildConfiguration;
			baseConfigurationReference = B5843AA52197920C30DA0A9B /* Pods-MusicTests.release.xcconfig */;
			buildSettings = {
				ALWAYS_EMBED_SWIFT_STANDARD_LIBRARIES = YES;
				BUNDLE_LOADER = "$(TEST_HOST)";
				CODE_SIGN_STYLE = Automatic;
				DEVELOPMENT_TEAM = 25K6PDW2HY;
				INFOPLIST_FILE = MusicTests/Info.plist;
				IPHONEOS_DEPLOYMENT_TARGET = 13.1;
				LD_RUNPATH_SEARCH_PATHS = (
					"$(inherited)",
					"@executable_path/Frameworks",
					"@loader_path/Frameworks",
				);
				PRODUCT_BUNDLE_IDENTIFIER = ru.4gophers.MusicTests;
				PRODUCT_NAME = "$(TARGET_NAME)";
				SWIFT_VERSION = 5.0;
				TARGETED_DEVICE_FAMILY = "1,2";
				TEST_HOST = "$(BUILT_PRODUCTS_DIR)/Music.app/Music";
			};
			name = Release;
		};
		AC4F72B9235CED9900CF4B1F /* Debug */ = {
			isa = XCBuildConfiguration;
			baseConfigurationReference = 874E328F76B3B2C545227656 /* Pods-MusicUITests.debug.xcconfig */;
			buildSettings = {
				ALWAYS_EMBED_SWIFT_STANDARD_LIBRARIES = YES;
				CODE_SIGN_STYLE = Automatic;
				DEVELOPMENT_TEAM = 25K6PDW2HY;
				INFOPLIST_FILE = MusicUITests/Info.plist;
				LD_RUNPATH_SEARCH_PATHS = (
					"$(inherited)",
					"@executable_path/Frameworks",
					"@loader_path/Frameworks",
				);
				PRODUCT_BUNDLE_IDENTIFIER = ru.4gophers.MusicUITests;
				PRODUCT_NAME = "$(TARGET_NAME)";
				SWIFT_VERSION = 5.0;
				TARGETED_DEVICE_FAMILY = "1,2";
				TEST_TARGET_NAME = Music;
			};
			name = Debug;
		};
		AC4F72BA235CED9900CF4B1F /* Release */ = {
			isa = XCBuildConfiguration;
			baseConfigurationReference = 1DAB8222B0DDE7979080AA64 /* Pods-MusicUITests.release.xcconfig */;
			buildSettings = {
				ALWAYS_EMBED_SWIFT_STANDARD_LIBRARIES = YES;
				CODE_SIGN_STYLE = Automatic;
				DEVELOPMENT_TEAM = 25K6PDW2HY;
				INFOPLIST_FILE = MusicUITests/Info.plist;
				LD_RUNPATH_SEARCH_PATHS = (
					"$(inherited)",
					"@executable_path/Frameworks",
					"@loader_path/Frameworks",
				);
				PRODUCT_BUNDLE_IDENTIFIER = ru.4gophers.MusicUITests;
				PRODUCT_NAME = "$(TARGET_NAME)";
				SWIFT_VERSION = 5.0;
				TARGETED_DEVICE_FAMILY = "1,2";
				TEST_TARGET_NAME = Music;
			};
			name = Release;
		};
/* End XCBuildConfiguration section */

/* Begin XCConfigurationList section */
		AC4F7280235CED9700CF4B1F /* Build configuration list for PBXProject "Music" */ = {
			isa = XCConfigurationList;
			buildConfigurations = (
				AC4F72B0235CED9900CF4B1F /* Debug */,
				AC4F72B1235CED9900CF4B1F /* Release */,
			);
			defaultConfigurationIsVisible = 0;
			defaultConfigurationName = Release;
		};
		AC4F72B2235CED9900CF4B1F /* Build configuration list for PBXNativeTarget "Music" */ = {
			isa = XCConfigurationList;
			buildConfigurations = (
				AC4F72B3235CED9900CF4B1F /* Debug */,
				AC4F72B4235CED9900CF4B1F /* Release */,
			);
			defaultConfigurationIsVisible = 0;
			defaultConfigurationName = Release;
		};
		AC4F72B5235CED9900CF4B1F /* Build configuration list for PBXNativeTarget "MusicTests" */ = {
			isa = XCConfigurationList;
			buildConfigurations = (
				AC4F72B6235CED9900CF4B1F /* Debug */,
				AC4F72B7235CED9900CF4B1F /* Release */,
			);
			defaultConfigurationIsVisible = 0;
			defaultConfigurationName = Release;
		};
		AC4F72B8235CED9900CF4B1F /* Build configuration list for PBXNativeTarget "MusicUITests" */ = {
			isa = XCConfigurationList;
			buildConfigurations = (
				AC4F72B9235CED9900CF4B1F /* Debug */,
				AC4F72BA235CED9900CF4B1F /* Release */,
			);
			defaultConfigurationIsVisible = 0;
			defaultConfigurationName = Release;
		};
/* End XCConfigurationList section */

/* Begin XCVersionGroup section */
		AC4F7291235CED9700CF4B1F /* Music.xcdatamodeld */ = {
			isa = XCVersionGroup;
			children = (
				AC4F7292235CED9700CF4B1F /* Music.xcdatamodel */,
			);
			currentVersion = AC4F7292235CED9700CF4B1F /* Music.xcdatamodel */;
			path = Music.xcdatamodeld;
			sourceTree = "<group>";
			versionGroupType = wrapper.xcdatamodel;
		};
/* End XCVersionGroup section */
	};
	rootObject = AC4F727D235CED9700CF4B1F /* Project object */;
}
